
Microsoft Visual Studio Solution File, Format Version 12.00
# Visual Studio Version 17
VisualStudioVersion = 17.6.33712.159
MinimumVisualStudioVersion = 10.0.40219.1
Project("{FAE04EC0-301F-11D3-BF4B-00C04F79EFBC}") = "HR Management API", "HR Management API\HR Management API.csproj", "{603C48A1-6ED1-45BD-A8B4-D31F12355DB0}"
EndProject
Global
	GlobalSection(SolutionConfigurationPlatforms) = preSolution
		Debug|Any CPU = Debug|Any CPU
		Release|Any CPU = Release|Any CPU
	EndGlobalSection
	GlobalSection(ProjectConfigurationPlatforms) = postSolution
		{603C48A1-6ED1-45BD-A8B4-D31F12355DB0}.Debug|Any CPU.ActiveCfg = Debug|Any CPU
		{603C48A1-6ED1-45BD-A8B4-D31F12355DB0}.Debug|Any CPU.Build.0 = Debug|Any CPU
		{603C48A1-6ED1-45BD-A8B4-D31F12355DB0}.Release|Any CPU.ActiveCfg = Release|Any CPU
		{603C48A1-6ED1-45BD-A8B4-D31F12355DB0}.Release|Any CPU.Build.0 = Release|Any CPU
	EndGlobalSection
	GlobalSection(SolutionProperties) = preSolution
		HideSolutionNode = FALSE
	EndGlobalSection
	GlobalSection(ExtensibilityGlobals) = postSolution
		EnterpriseLibraryConfigurationToolBinariesPathV6 = packages\EnterpriseLibrary.Common.6.0.1304.0\lib\NET45;packages\EnterpriseLibrary.Data.6.0.1304.0\lib\NET45
		SolutionGuid = {BDFBC712-9F22-4AFD-A05C-DE4F9BA97357}
	EndGlobalSection
EndGlobal
